// !$*UTF8*$!
{
	archiveVersion = 1;
	classes = {
	};
	objectVersion = 50;
	objects = {

/* Begin PBXBuildFile section */
		18A2B816222E473D00E30D35 /* AppDelegate.m in Sources */ = {isa = PBXBuildFile; fileRef = 18A2B815222E473D00E30D35 /* AppDelegate.m */; };
		18A2B819222E473D00E30D35 /* ViewController.m in Sources */ = {isa = PBXBuildFile; fileRef = 18A2B818222E473D00E30D35 /* ViewController.m */; };
		18A2B81C222E473D00E30D35 /* Main.storyboard in Resources */ = {isa = PBXBuildFile; fileRef = 18A2B81A222E473D00E30D35 /* Main.storyboard */; };
		18A2B81E222E473E00E30D35 /* Assets.xcassets in Resources */ = {isa = PBXBuildFile; fileRef = 18A2B81D222E473E00E30D35 /* Assets.xcassets */; };
		18A2B821222E473E00E30D35 /* LaunchScreen.storyboard in Resources */ = {isa = PBXBuildFile; fileRef = 18A2B81F222E473E00E30D35 /* LaunchScreen.storyboard */; };
		18A2B824222E473E00E30D35 /* main.m in Sources */ = {isa = PBXBuildFile; fileRef = 18A2B823222E473E00E30D35 /* main.m */; };
		18A2B82E222E473E00E30D35 /* SXDatePickerViewTests.m in Sources */ = {isa = PBXBuildFile; fileRef = 18A2B82D222E473E00E30D35 /* SXDatePickerViewTests.m */; };
		18A2B839222E473E00E30D35 /* SXDatePickerViewUITests.m in Sources */ = {isa = PBXBuildFile; fileRef = 18A2B838222E473E00E30D35 /* SXDatePickerViewUITests.m */; };
		18A2B848222E47BF00E30D35 /* SXDatePickerView.m in Sources */ = {isa = PBXBuildFile; fileRef = 18A2B847222E47BF00E30D35 /* SXDatePickerView.m */; };
/* End PBXBuildFile section */

/* Begin PBXContainerItemProxy section */
		18A2B82A222E473E00E30D35 /* PBXContainerItemProxy */ = {
			isa = PBXContainerItemProxy;
			containerPortal = 18A2B809222E473D00E30D35 /* Project object */;
			proxyType = 1;
			remoteGlobalIDString = 18A2B810222E473D00E30D35;
			remoteInfo = SXDatePickerView;
		};
		18A2B835222E473E00E30D35 /* PBXContainerItemProxy */ = {
			isa = PBXContainerItemProxy;
			containerPortal = 18A2B809222E473D00E30D35 /* Project object */;
			proxyType = 1;
			remoteGlobalIDString = 18A2B810222E473D00E30D35;
			remoteInfo = SXDatePickerView;
		};
/* End PBXContainerItemProxy section */

/* Begin PBXFileReference section */
		18A2B811222E473D00E30D35 /* SXDatePickerView.app */ = {isa = PBXFileReference; explicitFileType = wrapper.application; includeInIndex = 0; path = SXDatePickerView.app; sourceTree = BUILT_PRODUCTS_DIR; };
		18A2B814222E473D00E30D35 /* AppDelegate.h */ = {isa = PBXFileReference; lastKnownFileType = sourcecode.c.h; path = AppDelegate.h; sourceTree = "<group>"; };
		18A2B815222E473D00E30D35 /* AppDelegate.m */ = {isa = PBXFileReference; lastKnownFileType = sourcecode.c.objc; path = AppDelegate.m; sourceTree = "<group>"; };
		18A2B817222E473D00E30D35 /* ViewController.h */ = {isa = PBXFileReference; lastKnownFileType = sourcecode.c.h; path = ViewController.h; sourceTree = "<group>"; };
		18A2B818222E473D00E30D35 /* ViewController.m */ = {isa = PBXFileReference; lastKnownFileType = sourcecode.c.objc; path = ViewController.m; sourceTree = "<group>"; };
		18A2B81B222E473D00E30D35 /* Base */ = {isa = PBXFileReference; lastKnownFileType = file.storyboard; name = Base; path = Base.lproj/Main.storyboard; sourceTree = "<group>"; };
		18A2B81D222E473E00E30D35 /* Assets.xcassets */ = {isa = PBXFileReference; lastKnownFileType = folder.assetcatalog; path = Assets.xcassets; sourceTree = "<group>"; };
		18A2B820222E473E00E30D35 /* Base */ = {isa = PBXFileReference; lastKnownFileType = file.storyboard; name = Base; path = Base.lproj/LaunchScreen.storyboard; sourceTree = "<group>"; };
		18A2B822222E473E00E30D35 /* Info.plist */ = {isa = PBXFileReference; lastKnownFileType = text.plist.xml; path = Info.plist; sourceTree = "<group>"; };
		18A2B823222E473E00E30D35 /* main.m */ = {isa = PBXFileReference; lastKnownFileType = sourcecode.c.objc; path = main.m; sourceTree = "<group>"; };
		18A2B829222E473E00E30D35 /* SXDatePickerViewTests.xctest */ = {isa = PBXFileReference; explicitFileType = wrapper.cfbundle; includeInIndex = 0; path = SXDatePickerViewTests.xctest; sourceTree = BUILT_PRODUCTS_DIR; };
		18A2B82D222E473E00E30D35 /* SXDatePickerViewTests.m */ = {isa = PBXFileReference; lastKnownFileType = sourcecode.c.objc; path = SXDatePickerViewTests.m; sourceTree = "<group>"; };
		18A2B82F222E473E00E30D35 /* Info.plist */ = {isa = PBXFileReference; lastKnownFileType = text.plist.xml; path = Info.plist; sourceTree = "<group>"; };
		18A2B834222E473E00E30D35 /* SXDatePickerViewUITests.xctest */ = {isa = PBXFileReference; explicitFileType = wrapper.cfbundle; includeInIndex = 0; path = SXDatePickerViewUITests.xctest; sourceTree = BUILT_PRODUCTS_DIR; };
		18A2B838222E473E00E30D35 /* SXDatePickerViewUITests.m */ = {isa = PBXFileReference; lastKnownFileType = sourcecode.c.objc; path = SXDatePickerViewUITests.m; sourceTree = "<group>"; };
		18A2B83A222E473E00E30D35 /* Info.plist */ = {isa = PBXFileReference; lastKnownFileType = text.plist.xml; path = Info.plist; sourceTree = "<group>"; };
		18A2B846222E47BF00E30D35 /* SXDatePickerView.h */ = {isa = PBXFileReference; lastKnownFileType = sourcecode.c.h; path = SXDatePickerView.h; sourceTree = "<group>"; };
		18A2B847222E47BF00E30D35 /* SXDatePickerView.m */ = {isa = PBXFileReference; lastKnownFileType = sourcecode.c.objc; path = SXDatePickerView.m; sourceTree = "<group>"; };
/* End PBXFileReference section */

/* Begin PBXFrameworksBuildPhase section */
		18A2B80E222E473D00E30D35 /* Frameworks */ = {
			isa = PBXFrameworksBuildPhase;
			buildActionMask = 2147483647;
			files = (
			);
			runOnlyForDeploymentPostprocessing = 0;
		};
		18A2B826222E473E00E30D35 /* Frameworks */ = {
			isa = PBXFrameworksBuildPhase;
			buildActionMask = 2147483647;
			files = (
			);
			runOnlyForDeploymentPostprocessing = 0;
		};
		18A2B831222E473E00E30D35 /* Frameworks */ = {
			isa = PBXFrameworksBuildPhase;
			buildActionMask = 2147483647;
			files = (
			);
			runOnlyForDeploymentPostprocessing = 0;
		};
/* End PBXFrameworksBuildPhase section */

/* Begin PBXGroup section */
		18A2B808222E473D00E30D35 = {
			isa = PBXGroup;
			children = (
				18A2B813222E473D00E30D35 /* SXDatePickerView */,
				18A2B82C222E473E00E30D35 /* SXDatePickerViewTests */,
				18A2B837222E473E00E30D35 /* SXDatePickerViewUITests */,
				18A2B812222E473D00E30D35 /* Products */,
			);
			sourceTree = "<group>";
		};
		18A2B812222E473D00E30D35 /* Products */ = {
			isa = PBXGroup;
			children = (
				18A2B811222E473D00E30D35 /* SXDatePickerView.app */,
				18A2B829222E473E00E30D35 /* SXDatePickerViewTests.xctest */,
				18A2B834222E473E00E30D35 /* SXDatePickerViewUITests.xctest */,
			);
			name = Products;
			sourceTree = "<group>";
		};
		18A2B813222E473D00E30D35 /* SXDatePickerView */ = {
			isa = PBXGroup;
			children = (
				18A2B814222E473D00E30D35 /* AppDelegate.h */,
				18A2B815222E473D00E30D35 /* AppDelegate.m */,
				18A2B817222E473D00E30D35 /* ViewController.h */,
				18A2B818222E473D00E30D35 /* ViewController.m */,
				18A2B846222E47BF00E30D35 /* SXDatePickerView.h */,
				18A2B847222E47BF00E30D35 /* SXDatePickerView.m */,
				18A2B81A222E473D00E30D35 /* Main.storyboard */,
				18A2B81D222E473E00E30D35 /* Assets.xcassets */,
				18A2B81F222E473E00E30D35 /* LaunchScreen.storyboard */,
				18A2B822222E473E00E30D35 /* Info.plist */,
				18A2B823222E473E00E30D35 /* main.m */,
			);
			path = SXDatePickerView;
			sourceTree = "<group>";
		};
		18A2B82C222E473E00E30D35 /* SXDatePickerViewTests */ = {
			isa = PBXGroup;
			children = (
				18A2B82D222E473E00E30D35 /* SXDatePickerViewTests.m */,
				18A2B82F222E473E00E30D35 /* Info.plist */,
			);
			path = SXDatePickerViewTests;
			sourceTree = "<group>";
		};
		18A2B837222E473E00E30D35 /* SXDatePickerViewUITests */ = {
			isa = PBXGroup;
			children = (
				18A2B838222E473E00E30D35 /* SXDatePickerViewUITests.m */,
				18A2B83A222E473E00E30D35 /* Info.plist */,
			);
			path = SXDatePickerViewUITests;
			sourceTree = "<group>";
		};
/* End PBXGroup section */

/* Begin PBXNativeTarget section */
		18A2B810222E473D00E30D35 /* SXDatePickerView */ = {
			isa = PBXNativeTarget;
			buildConfigurationList = 18A2B83D222E473E00E30D35 /* Build configuration list for PBXNativeTarget "SXDatePickerView" */;
			buildPhases = (
				18A2B80D222E473D00E30D35 /* Sources */,
				18A2B80E222E473D00E30D35 /* Frameworks */,
				18A2B80F222E473D00E30D35 /* Resources */,
			);
			buildRules = (
			);
			dependencies = (
			);
			name = SXDatePickerView;
			productName = SXDatePickerView;
			productReference = 18A2B811222E473D00E30D35 /* SXDatePickerView.app */;
			productType = "com.apple.product-type.application";
		};
		18A2B828222E473E00E30D35 /* SXDatePickerViewTests */ = {
			isa = PBXNativeTarget;
			buildConfigurationList = 18A2B840222E473E00E30D35 /* Build configuration list for PBXNativeTarget "SXDatePickerViewTests" */;
			buildPhases = (
				18A2B825222E473E00E30D35 /* Sources */,
				18A2B826222E473E00E30D35 /* Frameworks */,
				18A2B827222E473E00E30D35 /* Resources */,
			);
			buildRules = (
			);
			dependencies = (
				18A2B82B222E473E00E30D35 /* PBXTargetDependency */,
			);
			name = SXDatePickerViewTests;
			productName = SXDatePickerViewTests;
			productReference = 18A2B829222E473E00E30D35 /* SXDatePickerViewTests.xctest */;
			productType = "com.apple.product-type.bundle.unit-test";
		};
		18A2B833222E473E00E30D35 /* SXDatePickerViewUITests */ = {
			isa = PBXNativeTarget;
			buildConfigurationList = 18A2B843222E473E00E30D35 /* Build configuration list for PBXNativeTarget "SXDatePickerViewUITests" */;
			buildPhases = (
				18A2B830222E473E00E30D35 /* Sources */,
				18A2B831222E473E00E30D35 /* Frameworks */,
				18A2B832222E473E00E30D35 /* Resources */,
			);
			buildRules = (
			);
			dependencies = (
				18A2B836222E473E00E30D35 /* PBXTargetDependency */,
			);
			name = SXDatePickerViewUITests;
			productName = SXDatePickerViewUITests;
			productReference = 18A2B834222E473E00E30D35 /* SXDatePickerViewUITests.xctest */;
			productType = "com.apple.product-type.bundle.ui-testing";
		};
/* End PBXNativeTarget section */

/* Begin PBXProject section */
		18A2B809222E473D00E30D35 /* Project object */ = {
			isa = PBXProject;
			attributes = {
				LastUpgradeCheck = 1010;
				ORGANIZATIONNAME = zsx;
				TargetAttributes = {
					18A2B810222E473D00E30D35 = {
						CreatedOnToolsVersion = 10.1;
					};
					18A2B828222E473E00E30D35 = {
						CreatedOnToolsVersion = 10.1;
						TestTargetID = 18A2B810222E473D00E30D35;
					};
					18A2B833222E473E00E30D35 = {
						CreatedOnToolsVersion = 10.1;
						TestTargetID = 18A2B810222E473D00E30D35;
					};
				};
			};
			buildConfigurationList = 18A2B80C222E473D00E30D35 /* Build configuration list for PBXProject "SXDatePickerView" */;
			compatibilityVersion = "Xcode 9.3";
			developmentRegion = en;
			hasScannedForEncodings = 0;
			knownRegions = (
				en,
				Base,
			);
			mainGroup = 18A2B808222E473D00E30D35;
			productRefGroup = 18A2B812222E473D00E30D35 /* Products */;
			projectDirPath = "";
			projectRoot = "";
			targets = (
				18A2B810222E473D00E30D35 /* SXDatePickerView */,
				18A2B828222E473E00E30D35 /* SXDatePickerViewTests */,
				18A2B833222E473E00E30D35 /* SXDatePickerViewUITests */,
			);
		};
/* End PBXProject section */

/* Begin PBXResourcesBuildPhase section */
		18A2B80F222E473D00E30D35 /* Resources */ = {
			isa = PBXResourcesBuildPhase;
			buildActionMask = 2147483647;
			files = (
				18A2B821222E473E00E30D35 /* LaunchScreen.storyboard in Resources */,
				18A2B81E222E473E00E30D35 /* Assets.xcassets in Resources */,
				18A2B81C222E473D00E30D35 /* Main.storyboard in Resources */,
			);
			runOnlyForDeploymentPostprocessing = 0;
		};
		18A2B827222E473E00E30D35 /* Resources */ = {
			isa = PBXResourcesBuildPhase;
			buildActionMask = 2147483647;
			files = (
			);
			runOnlyForDeploymentPostprocessing = 0;
		};
		18A2B832222E473E00E30D35 /* Resources */ = {
			isa = PBXResourcesBuildPhase;
			buildActionMask = 2147483647;
			files = (
			);
			runOnlyForDeploymentPostprocessing = 0;
		};
/* End PBXResourcesBuildPhase section */

/* Begin PBXSourcesBuildPhase section */
		18A2B80D222E473D00E30D35 /* Sources */ = {
			isa = PBXSourcesBuildPhase;
			buildActionMask = 2147483647;
			files = (
				18A2B819222E473D00E30D35 /* ViewController.m in Sources */,
				18A2B824222E473E00E30D35 /* main.m in Sources */,
				18A2B816222E473D00E30D35 /* AppDelegate.m in Sources */,
				18A2B848222E47BF00E30D35 /* SXDatePickerView.m in Sources */,
			);
			runOnlyForDeploymentPostprocessing = 0;
		};
		18A2B825222E473E00E30D35 /* Sources */ = {
			isa = PBXSourcesBuildPhase;
			buildActionMask = 2147483647;
			files = (
				18A2B82E222E473E00E30D35 /* SXDatePickerViewTests.m in Sources */,
			);
			runOnlyForDeploymentPostprocessing = 0;
		};
		18A2B830222E473E00E30D35 /* Sources */ = {
			isa = PBXSourcesBuildPhase;
			buildActionMask = 2147483647;
			files = (
				18A2B839222E473E00E30D35 /* SXDatePickerViewUITests.m in Sources */,
			);
			runOnlyForDeploymentPostprocessing = 0;
		};
/* End PBXSourcesBuildPhase section */

/* Begin PBXTargetDependency section */
		18A2B82B222E473E00E30D35 /* PBXTargetDependency */ = {
			isa = PBXTargetDependency;
			target = 18A2B810222E473D00E30D35 /* SXDatePickerView */;
			targetProxy = 18A2B82A222E473E00E30D35 /* PBXContainerItemProxy */;
		};
		18A2B836222E473E00E30D35 /* PBXTargetDependency */ = {
			isa = PBXTargetDependency;
			target = 18A2B810222E473D00E30D35 /* SXDatePickerView */;
			targetProxy = 18A2B835222E473E00E30D35 /* PBXContainerItemProxy */;
		};
/* End PBXTargetDependency section */

/* Begin PBXVariantGroup section */
		18A2B81A222E473D00E30D35 /* Main.storyboard */ = {
			isa = PBXVariantGroup;
			children = (
				18A2B81B222E473D00E30D35 /* Base */,
			);
			name = Main.storyboard;
			sourceTree = "<group>";
		};
		18A2B81F222E473E00E30D35 /* LaunchScreen.storyboard */ = {
			isa = PBXVariantGroup;
			children = (
				18A2B820222E473E00E30D35 /* Base */,
			);
			name = LaunchScreen.storyboard;
			sourceTree = "<group>";
		};
/* End PBXVariantGroup section */

/* Begin XCBuildConfiguration section */
		18A2B83B222E473E00E30D35 /* Debug */ = {
			isa = XCBuildConfiguration;
			buildSettings = {
				ALWAYS_SEARCH_USER_PATHS = NO;
				CLANG_ANALYZER_NONNULL = YES;
				CLANG_ANALYZER_NUMBER_OBJECT_CONVERSION = YES_AGGRESSIVE;
				CLANG_CXX_LANGUAGE_STANDARD = "gnu++14";
				CLANG_CXX_LIBRARY = "libc++";
				CLANG_ENABLE_MODULES = YES;
				CLANG_ENABLE_OBJC_ARC = YES;
				CLANG_ENABLE_OBJC_WEAK = YES;
				CLANG_WARN_BLOCK_CAPTURE_AUTORELEASING = YES;
				CLANG_WARN_BOOL_CONVERSION = YES;
				CLANG_WARN_COMMA = YES;
				CLANG_WARN_CONSTANT_CONVERSION = YES;
				CLANG_WARN_DEPRECATED_OBJC_IMPLEMENTATIONS = YES;
				CLANG_WARN_DIRECT_OBJC_ISA_USAGE = YES_ERROR;
				CLANG_WARN_DOCUMENTATION_COMMENTS = YES;
				CLANG_WARN_EMPTY_BODY = YES;
				CLANG_WARN_ENUM_CONVERSION = YES;
				CLANG_WARN_INFINITE_RECURSION = YES;
				CLANG_WARN_INT_CONVERSION = YES;
				CLANG_WARN_NON_LITERAL_NULL_CONVERSION = YES;
				CLANG_WARN_OBJC_IMPLICIT_RETAIN_SELF = YES;
				CLANG_WARN_OBJC_LITERAL_CONVERSION = YES;
				CLANG_WARN_OBJC_ROOT_CLASS = YES_ERROR;
				CLANG_WARN_RANGE_LOOP_ANALYSIS = YES;
				CLANG_WARN_STRICT_PROTOTYPES = YES;
				CLANG_WARN_SUSPICIOUS_MOVE = YES;
				CLANG_WARN_UNGUARDED_AVAILABILITY = YES_AGGRESSIVE;
				CLANG_WARN_UNREACHABLE_CODE = YES;
				CLANG_WARN__DUPLICATE_METHOD_MATCH = YES;
				CODE_SIGN_IDENTITY = "iPhone Developer";
				COPY_PHASE_STRIP = NO;
				DEBUG_INFORMATION_FORMAT = dwarf;
				ENABLE_STRICT_OBJC_MSGSEND = YES;
				ENABLE_TESTABILITY = YES;
				GCC_C_LANGUAGE_STANDARD = gnu11;
				GCC_DYNAMIC_NO_PIC = NO;
				GCC_NO_COMMON_BLOCKS = YES;
				GCC_OPTIMIZATION_LEVEL = 0;
				GCC_PREPROCESSOR_DEFINITIONS = (
					"DEBUG=1",
					"$(inherited)",
				);
				GCC_WARN_64_TO_32_BIT_CONVERSION = YES;
				GCC_WARN_ABOUT_RETURN_TYPE = YES_ERROR;
				GCC_WARN_UNDECLARED_SELECTOR = YES;
				GCC_WARN_UNINITIALIZED_AUTOS = YES_AGGRESSIVE;
				GCC_WARN_UNUSED_FUNCTION = YES;
				GCC_WARN_UNUSED_VARIABLE = YES;
				IPHONEOS_DEPLOYMENT_TARGET = 12.1;
				MTL_ENABLE_DEBUG_INFO = INCLUDE_SOURCE;
				MTL_FAST_MATH = YES;
				ONLY_ACTIVE_ARCH = YES;
				SDKROOT = iphoneos;
			};
			name = Debug;
		};
		18A2B83C222E473E00E30D35 /* Release */ = {
			isa = XCBuildConfiguration;
			buildSettings = {
				ALWAYS_SEARCH_USER_PATHS = NO;
				CLANG_ANALYZER_NONNULL = YES;
				CLANG_ANALYZER_NUMBER_OBJECT_CONVERSION = YES_AGGRESSIVE;
				CLANG_CXX_LANGUAGE_STANDARD = "gnu++14";
				CLANG_CXX_LIBRARY = "libc++";
				CLANG_ENABLE_MODULES = YES;
				CLANG_ENABLE_OBJC_ARC = YES;
				CLANG_ENABLE_OBJC_WEAK = YES;
				CLANG_WARN_BLOCK_CAPTURE_AUTORELEASING = YES;
				CLANG_WARN_BOOL_CONVERSION = YES;
				CLANG_WARN_COMMA = YES;
				CLANG_WARN_CONSTANT_CONVERSION = YES;
				CLANG_WARN_DEPRECATED_OBJC_IMPLEMENTATIONS = YES;
				CLANG_WARN_DIRECT_OBJC_ISA_USAGE = YES_ERROR;
				CLANG_WARN_DOCUMENTATION_COMMENTS = YES;
				CLANG_WARN_EMPTY_BODY = YES;
				CLANG_WARN_ENUM_CONVERSION = YES;
				CLANG_WARN_INFINITE_RECURSION = YES;
				CLANG_WARN_INT_CONVERSION = YES;
				CLANG_WARN_NON_LITERAL_NULL_CONVERSION = YES;
				CLANG_WARN_OBJC_IMPLICIT_RETAIN_SELF = YES;
				CLANG_WARN_OBJC_LITERAL_CONVERSION = YES;
				CLANG_WARN_OBJC_ROOT_CLASS = YES_ERROR;
				CLANG_WARN_RANGE_LOOP_ANALYSIS = YES;
				CLANG_WARN_STRICT_PROTOTYPES = YES;
				CLANG_WARN_SUSPICIOUS_MOVE = YES;
				CLANG_WARN_UNGUARDED_AVAILABILITY = YES_AGGRESSIVE;
				CLANG_WARN_UNREACHABLE_CODE = YES;
				CLANG_WARN__DUPLICATE_METHOD_MATCH = YES;
				CODE_SIGN_IDENTITY = "iPhone Developer";
				COPY_PHASE_STRIP = NO;
				DEBUG_INFORMATION_FORMAT = "dwarf-with-dsym";
				ENABLE_NS_ASSERTIONS = NO;
				ENABLE_STRICT_OBJC_MSGSEND = YES;
				GCC_C_LANGUAGE_STANDARD = gnu11;
				GCC_NO_COMMON_BLOCKS = YES;
				GCC_WARN_64_TO_32_BIT_CONVERSION = YES;
				GCC_WARN_ABOUT_RETURN_TYPE = YES_ERROR;
				GCC_WARN_UNDECLARED_SELECTOR = YES;
				GCC_WARN_UNINITIALIZED_AUTOS = YES_AGGRESSIVE;
				GCC_WARN_UNUSED_FUNCTION = YES;
				GCC_WARN_UNUSED_VARIABLE = YES;
				IPHONEOS_DEPLOYMENT_TARGET = 12.1;
				MTL_ENABLE_DEBUG_INFO = NO;
				MTL_FAST_MATH = YES;
				SDKROOT = iphoneos;
				VALIDATE_PRODUCT = YES;
			};
			name = Release;
		};
		18A2B83E222E473E00E30D35 /* Debug */ = {
			isa = XCBuildConfiguration;
			buildSettings = {
				ASSETCATALOG_COMPILER_APPICON_NAME = AppIcon;
				CODE_SIGN_STYLE = Automatic;
				INFOPLIST_FILE = SXDatePickerView/Info.plist;
				LD_RUNPATH_SEARCH_PATHS = (
					"$(inherited)",
					"@executable_path/Frameworks",
				);
				PRODUCT_BUNDLE_IDENTIFIER = com.670074760.SXDatePickerView;
				PRODUCT_NAME = "$(TARGET_NAME)";
				TARGETED_DEVICE_FAMILY = "1,2";
			};
			name = Debug;
		};
		18A2B83F222E473E00E30D35 /* Release */ = {
			isa = XCBuildConfiguration;
			buildSettings = {
				ASSETCATALOG_COMPILER_APPICON_NAME = AppIcon;
				CODE_SIGN_STYLE = Automatic;
				INFOPLIST_FILE = SXDatePickerView/Info.plist;
				LD_RUNPATH_SEARCH_PATHS = (
					"$(inherited)",
					"@executable_path/Frameworks",
				);
				PRODUCT_BUNDLE_IDENTIFIER = com.670074760.SXDatePickerView;
				PRODUCT_NAME = "$(TARGET_NAME)";
				TARGETED_DEVICE_FAMILY = "1,2";
			};
			name = Release;
		};
		18A2B841222E473E00E30D35 /* Debug */ = {
			isa = XCBuildConfiguration;
			buildSettings = {
				BUNDLE_LOADER = "$(TEST_HOST)";
				CODE_SIGN_STYLE = Automatic;
				INFOPLIST_FILE = SXDatePickerViewTests/Info.plist;
				LD_RUNPATH_SEARCH_PATHS = (
					"$(inherited)",
					"@executable_path/Frameworks",
					"@loader_path/Frameworks",
				);
				PRODUCT_BUNDLE_IDENTIFIER = com.670074760.SXDatePickerViewTests;
				PRODUCT_NAME = "$(TARGET_NAME)";
				TARGETED_DEVICE_FAMILY = "1,2";
				TEST_HOST = "$(BUILT_PRODUCTS_DIR)/SXDatePickerView.app/SXDatePickerView";
			};
			name = Debug;
		};
		18A2B842222E473E00E30D35 /* Release */ = {
			isa = XCBuildConfiguration;
			buildSettings = {
				BUNDLE_LOADER = "$(TEST_HOST)";
				CODE_SIGN_STYLE = Automatic;
				INFOPLIST_FILE = SXDatePickerViewTests/Info.plist;
				LD_RUNPATH_SEARCH_PATHS = (
					"$(inherited)",
					"@executable_path/Frameworks",
					"@loader_path/Frameworks",
				);
				PRODUCT_BUNDLE_IDENTIFIER = com.670074760.SXDatePickerViewTests;
				PRODUCT_NAME = "$(TARGET_NAME)";
				TARGETED_DEVICE_FAMILY = "1,2";
				TEST_HOST = "$(BUILT_PRODUCTS_DIR)/SXDatePickerView.app/SXDatePickerView";
			};
			name = Release;
		};
		18A2B844222E473E00E30D35 /* Debug */ = {
			isa = XCBuildConfiguration;
			buildSettings = {
				CODE_SIGN_STYLE = Automatic;
				INFOPLIST_FILE = SXDatePickerViewUITests/Info.plist;
				LD_RUNPATH_SEARCH_PATHS = (
					"$(inherited)",
					"@executable_path/Frameworks",
					"@loader_path/Frameworks",
				);
				PRODUCT_BUNDLE_IDENTIFIER = com.670074760.SXDatePickerViewUITests;
				PRODUCT_NAME = "$(TARGET_NAME)";
				TARGETED_DEVICE_FAMILY = "1,2";
				TEST_TARGET_NAME = SXDatePickerView;
			};
			name = Debug;
		};
		18A2B845222E473E00E30D35 /* Release */ = {
			isa = XCBuildConfiguration;
			buildSettings = {
				CODE_SIGN_STYLE = Automatic;
				INFOPLIST_FILE = SXDatePickerViewUITests/Info.plist;
				LD_RUNPATH_SEARCH_PATHS = (
					"$(inherited)",
					"@executable_path/Frameworks",
					"@loader_path/Frameworks",
				);
				PRODUCT_BUNDLE_IDENTIFIER = com.670074760.SXDatePickerViewUITests;
				PRODUCT_NAME = "$(TARGET_NAME)";
				TARGETED_DEVICE_FAMILY = "1,2";
				TEST_TARGET_NAME = SXDatePickerView;
			};
			name = Release;
		};
/* End XCBuildConfiguration section */

/* Begin XCConfigurationList section */
		18A2B80C222E473D00E30D35 /* Build configuration list for PBXProject "SXDatePickerView" */ = {
			isa = XCConfigurationList;
			buildConfigurations = (
				18A2B83B222E473E00E30D35 /* Debug */,
				18A2B83C222E473E00E30D35 /* Release */,
			);
			defaultConfigurationIsVisible = 0;
			defaultConfigurationName = Release;
		};
		18A2B83D222E473E00E30D35 /* Build configuration list for PBXNativeTarget "SXDatePickerView" */ = {
			isa = XCConfigurationList;
			buildConfigurations = (
				18A2B83E222E473E00E30D35 /* Debug */,
				18A2B83F222E473E00E30D35 /* Release */,
			);
			defaultConfigurationIsVisible = 0;
			defaultConfigurationName = Release;
		};
		18A2B840222E473E00E30D35 /* Build configuration list for PBXNativeTarget "SXDatePickerViewTests" */ = {
			isa = XCConfigurationList;
			buildConfigurations = (
				18A2B841222E473E00E30D35 /* Debug */,
				18A2B842222E473E00E30D35 /* Release */,
			);
			defaultConfigurationIsVisible = 0;
			defaultConfigurationName = Release;
		};
		18A2B843222E473E00E30D35 /* Build configuration list for PBXNativeTarget "SXDatePickerViewUITests" */ = {
			isa = XCConfigurationList;
			buildConfigurations = (
				18A2B844222E473E00E30D35 /* Debug */,
				18A2B845222E473E00E30D35 /* Release */,
			);
			defaultConfigurationIsVisible = 0;
			defaultConfigurationName = Release;
		};
/* End XCConfigurationList section */
	};
	rootObject = 18A2B809222E473D00E30D35 /* Project object */;
}
